<?xml version="1.0" encoding="utf-8"?>
<Project ToolsVersion="4.0" xmlns="http://schemas.microsoft.com/developer/msbuild/2003">
  <ItemGroup>
    <Filter Include="Utility">
      <UniqueIdentifier>{abefbf7d-f13d-4980-be00-fdfa8ef2a40a}</UniqueIdentifier>
    </Filter>
    <Filter Include="Main">
      <UniqueIdentifier>{c3dfc5a4-4174-4e6b-af7e-3d4876efa744}</UniqueIdentifier>
    </Filter>
    <Filter Include="Thread">
      <UniqueIdentifier>{aaa3e9a6-1cca-42c0-b1a1-d68204a37e0b}</UniqueIdentifier>
    </Filter>
    <Filter Include="Memory">
      <UniqueIdentifier>{8e0f9d59-3759-4099-bea3-b881cf60e527}</UniqueIdentifier>
    </Filter>
    <Filter Include="NeWork">
      <UniqueIdentifier>{49c01813-b8e1-44bf-a9e1-090b54bdb35d}</UniqueIdentifier>
    </Filter>
  </ItemGroup>
  <ItemGroup>
    <ClInclude Include="CorePch.h">
      <Filter>Main</Filter>
    </ClInclude>
    <ClInclude Include="pch.h">
      <Filter>Main</Filter>
    </ClInclude>
    <ClInclude Include="Types.h">
      <Filter>Main</Filter>
    </ClInclude>
    <ClInclude Include="LockBasedStack.h">
      <Filter>Utility</Filter>
    </ClInclude>
    <ClInclude Include="LockBasedQueue.h">
      <Filter>Utility</Filter>
    </ClInclude>
    <ClInclude Include="CoreTLS.h">
      <Filter>Main</Filter>
    </ClInclude>
    <ClInclude Include="CoreMacro.h">
      <Filter>Main</Filter>
    </ClInclude>
    <ClInclude Include="ThreadManager.h">
      <Filter>Thread</Filter>
    </ClInclude>
    <ClInclude Include="CoreGlobal.h">
      <Filter>Main</Filter>
    </ClInclude>
    <ClInclude Include="Lock.h">
      <Filter>Thread</Filter>
    </ClInclude>
    <ClInclude Include="DeadLockProfiler.h">
      <Filter>Utility</Filter>
    </ClInclude>
    <ClInclude Include="RefCounting.h">
      <Filter>Memory</Filter>
    </ClInclude>
    <ClInclude Include="Allocator.h">
      <Filter>Memory</Filter>
    </ClInclude>
    <ClInclude Include="Memory.h">
      <Filter>Memory</Filter>
    </ClInclude>
    <ClInclude Include="MyContainer.h">
      <Filter>Memory</Filter>
    </ClInclude>
    <ClInclude Include="MemoryPool.h">
      <Filter>Memory</Filter>
    </ClInclude>
    <ClInclude Include="SocketUtility.h">
      <Filter>NeWork</Filter>
    </ClInclude>
    <ClInclude Include="NetAddress.h">
      <Filter>NeWork</Filter>
    </ClInclude>
    <ClInclude Include="IocpCore.h">
      <Filter>NeWork</Filter>
    </ClInclude>
    <ClInclude Include="Listener.h">
      <Filter>NeWork</Filter>
    </ClInclude>
    <ClInclude Include="Session.h">
      <Filter>NeWork</Filter>
    </ClInclude>
    <ClInclude Include="IocpEvent.h">
      <Filter>NeWork</Filter>
    </ClInclude>
    <ClInclude Include="Service.h">
      <Filter>NeWork</Filter>
    </ClInclude>
  </ItemGroup>
  <ItemGroup>
    <ClCompile Include="pch.cpp">
      <Filter>Main</Filter>
    </ClCompile>
    <ClCompile Include="ServerCore.cpp">
      <Filter>Main</Filter>
    </ClCompile>
    <ClCompile Include="LockBasedStack.cpp">
      <Filter>Utility</Filter>
    </ClCompile>
    <ClCompile Include="LockBasedQueue.cpp">
      <Filter>Utility</Filter>
    </ClCompile>
    <ClCompile Include="CoreTLS.cpp">
      <Filter>Main</Filter>
    </ClCompile>
    <ClCompile Include="ThreadManager.cpp">
      <Filter>Thread</Filter>
    </ClCompile>
    <ClCompile Include="CoreGlobal.cpp">
      <Filter>Main</Filter>
    </ClCompile>
    <ClCompile Include="Lock.cpp">
      <Filter>Thread</Filter>
    </ClCompile>
    <ClCompile Include="DeadLockProfiler.cpp">
      <Filter>Utility</Filter>
    </ClCompile>
    <ClCompile Include="RefCounting.cpp">
      <Filter>Memory</Filter>
    </ClCompile>
    <ClCompile Include="Allocator.cpp">
      <Filter>Memory</Filter>
    </ClCompile>
    <ClCompile Include="Memory.cpp">
      <Filter>Memory</Filter>
    </ClCompile>
    <ClCompile Include="MemoryPool.cpp">
      <Filter>Memory</Filter>
    </ClCompile>
    <ClCompile Include="SocketUtility.cpp">
      <Filter>NeWork</Filter>
    </ClCompile>
    <ClCompile Include="NetAddress.cpp">
      <Filter>NeWork</Filter>
    </ClCompile>
    <ClCompile Include="IocpCore.cpp">
      <Filter>NeWork</Filter>
    </ClCompile>
    <ClCompile Include="Listener.cpp">
      <Filter>NeWork</Filter>
    </ClCompile>
    <ClCompile Include="Session.cpp">
      <Filter>NeWork</Filter>
    </ClCompile>
    <ClCompile Include="IocpEvent.cpp">
      <Filter>NeWork</Filter>
    </ClCompile>
    <ClCompile Include="Service.cpp">
      <Filter>NeWork</Filter>
    </ClCompile>
  </ItemGroup>
</Project>